// !$*UTF8*$!
{
	archiveVersion = 1;
	classes = {
	};
	objectVersion = 48;
	objects = {

/* Begin PBXBuildFile section */
		4AE250692060CE730023B1C8 /* AppDelegate.m in Sources */ = {isa = PBXBuildFile; fileRef = 4AE250682060CE730023B1C8 /* AppDelegate.m */; };
		4AE2506C2060CE730023B1C8 /* ViewController.m in Sources */ = {isa = PBXBuildFile; fileRef = 4AE2506B2060CE730023B1C8 /* ViewController.m */; };
		4AE250712060CE730023B1C8 /* Assets.xcassets in Resources */ = {isa = PBXBuildFile; fileRef = 4AE250702060CE730023B1C8 /* Assets.xcassets */; };
		4AE250742060CE730023B1C8 /* Main.storyboard in Resources */ = {isa = PBXBuildFile; fileRef = 4AE250722060CE730023B1C8 /* Main.storyboard */; };
		4AE250772060CE730023B1C8 /* main.m in Sources */ = {isa = PBXBuildFile; fileRef = 4AE250762060CE730023B1C8 /* main.m */; };
		4AFEB67A2060D03900A0A1E7 /* ImageView.m in Sources */ = {isa = PBXBuildFile; fileRef = 4AFEB6732060D03900A0A1E7 /* ImageView.m */; };
		4AFEB67B2060D03900A0A1E7 /* PickedColor.m in Sources */ = {isa = PBXBuildFile; fileRef = 4AFEB6752060D03900A0A1E7 /* PickedColor.m */; };
		4AFEB67C2060D03900A0A1E7 /* CenteredClipView.m in Sources */ = {isa = PBXBuildFile; fileRef = 4AFEB6772060D03900A0A1E7 /* CenteredClipView.m */; };
		4AFEB67D2060D03900A0A1E7 /* Image.m in Sources */ = {isa = PBXBuildFile; fileRef = 4AFEB6782060D03900A0A1E7 /* Image.m */; };
		4AFEB6802060F6B000A0A1E7 /* WindowController.m in Sources */ = {isa = PBXBuildFile; fileRef = 4AFEB67F2060F6B000A0A1E7 /* WindowController.m */; };
/* End PBXBuildFile section */

/* Begin PBXFileReference section */
		4AE250642060CE730023B1C8 /* r_view.app */ = {isa = PBXFileReference; explicitFileType = wrapper.application; includeInIndex = 0; path = r_view.app; sourceTree = BUILT_PRODUCTS_DIR; };
		4AE250672060CE730023B1C8 /* AppDelegate.h */ = {isa = PBXFileReference; lastKnownFileType = sourcecode.c.h; path = AppDelegate.h; sourceTree = "<group>"; };
		4AE250682060CE730023B1C8 /* AppDelegate.m */ = {isa = PBXFileReference; lastKnownFileType = sourcecode.c.objc; path = AppDelegate.m; sourceTree = "<group>"; };
		4AE2506A2060CE730023B1C8 /* ViewController.h */ = {isa = PBXFileReference; lastKnownFileType = sourcecode.c.h; path = ViewController.h; sourceTree = "<group>"; };
		4AE2506B2060CE730023B1C8 /* ViewController.m */ = {isa = PBXFileReference; lastKnownFileType = sourcecode.c.objc; path = ViewController.m; sourceTree = "<group>"; };
		4AE250702060CE730023B1C8 /* Assets.xcassets */ = {isa = PBXFileReference; lastKnownFileType = folder.assetcatalog; path = Assets.xcassets; sourceTree = "<group>"; };
		4AE250732060CE730023B1C8 /* Base */ = {isa = PBXFileReference; lastKnownFileType = file.storyboard; name = Base; path = Base.lproj/Main.storyboard; sourceTree = "<group>"; };
		4AE250752060CE730023B1C8 /* Info.plist */ = {isa = PBXFileReference; lastKnownFileType = text.plist.xml; path = Info.plist; sourceTree = "<group>"; };
		4AE250762060CE730023B1C8 /* main.m */ = {isa = PBXFileReference; lastKnownFileType = sourcecode.c.objc; path = main.m; sourceTree = "<group>"; };
		4AE250782060CE730023B1C8 /* r_view.entitlements */ = {isa = PBXFileReference; lastKnownFileType = text.plist.entitlements; path = r_view.entitlements; sourceTree = "<group>"; };
		4AFEB6722060D03900A0A1E7 /* CenteredClipView.h */ = {isa = PBXFileReference; fileEncoding = 4; lastKnownFileType = sourcecode.c.h; path = CenteredClipView.h; sourceTree = "<group>"; };
		4AFEB6732060D03900A0A1E7 /* ImageView.m */ = {isa = PBXFileReference; fileEncoding = 4; lastKnownFileType = sourcecode.c.objc; path = ImageView.m; sourceTree = "<group>"; };
		4AFEB6742060D03900A0A1E7 /* ImageView.h */ = {isa = PBXFileReference; fileEncoding = 4; lastKnownFileType = sourcecode.c.h; path = ImageView.h; sourceTree = "<group>"; };
		4AFEB6752060D03900A0A1E7 /* PickedColor.m */ = {isa = PBXFileReference; fileEncoding = 4; lastKnownFileType = sourcecode.c.objc; path = PickedColor.m; sourceTree = "<group>"; };
		4AFEB6762060D03900A0A1E7 /* Image.h */ = {isa = PBXFileReference; fileEncoding = 4; lastKnownFileType = sourcecode.c.h; path = Image.h; sourceTree = "<group>"; };
		4AFEB6772060D03900A0A1E7 /* CenteredClipView.m */ = {isa = PBXFileReference; fileEncoding = 4; lastKnownFileType = sourcecode.c.objc; path = CenteredClipView.m; sourceTree = "<group>"; };
		4AFEB6782060D03900A0A1E7 /* Image.m */ = {isa = PBXFileReference; fileEncoding = 4; lastKnownFileType = sourcecode.c.objc; path = Image.m; sourceTree = "<group>"; };
		4AFEB6792060D03900A0A1E7 /* PickedColor.h */ = {isa = PBXFileReference; fileEncoding = 4; lastKnownFileType = sourcecode.c.h; path = PickedColor.h; sourceTree = "<group>"; };
		4AFEB67E2060F6B000A0A1E7 /* WindowController.h */ = {isa = PBXFileReference; lastKnownFileType = sourcecode.c.h; path = WindowController.h; sourceTree = "<group>"; };
		4AFEB67F2060F6B000A0A1E7 /* WindowController.m */ = {isa = PBXFileReference; lastKnownFileType = sourcecode.c.objc; path = WindowController.m; sourceTree = "<group>"; };
/* End PBXFileReference section */

/* Begin PBXFrameworksBuildPhase section */
		4AE250612060CE730023B1C8 /* Frameworks */ = {
			isa = PBXFrameworksBuildPhase;
			buildActionMask = 2147483647;
			files = (
			);
			runOnlyForDeploymentPostprocessing = 0;
		};
/* End PBXFrameworksBuildPhase section */

/* Begin PBXGroup section */
		4AE2505B2060CE730023B1C8 = {
			isa = PBXGroup;
			children = (
				4AE250662060CE730023B1C8 /* r_view */,
				4AE250652060CE730023B1C8 /* Products */,
			);
			sourceTree = "<group>";
		};
		4AE250652060CE730023B1C8 /* Products */ = {
			isa = PBXGroup;
			children = (
				4AE250642060CE730023B1C8 /* r_view.app */,
			);
			name = Products;
			sourceTree = "<group>";
		};
		4AE250662060CE730023B1C8 /* r_view */ = {
			isa = PBXGroup;
			children = (
				4AFEB6722060D03900A0A1E7 /* CenteredClipView.h */,
				4AFEB6772060D03900A0A1E7 /* CenteredClipView.m */,
				4AFEB6762060D03900A0A1E7 /* Image.h */,
				4AFEB6782060D03900A0A1E7 /* Image.m */,
				4AFEB6742060D03900A0A1E7 /* ImageView.h */,
				4AFEB6732060D03900A0A1E7 /* ImageView.m */,
				4AFEB6792060D03900A0A1E7 /* PickedColor.h */,
				4AFEB6752060D03900A0A1E7 /* PickedColor.m */,
				4AE250672060CE730023B1C8 /* AppDelegate.h */,
				4AE250682060CE730023B1C8 /* AppDelegate.m */,
				4AE2506A2060CE730023B1C8 /* ViewController.h */,
				4AE2506B2060CE730023B1C8 /* ViewController.m */,
				4AE250702060CE730023B1C8 /* Assets.xcassets */,
				4AE250722060CE730023B1C8 /* Main.storyboard */,
				4AE250752060CE730023B1C8 /* Info.plist */,
				4AE250762060CE730023B1C8 /* main.m */,
				4AE250782060CE730023B1C8 /* r_view.entitlements */,
				4AFEB67E2060F6B000A0A1E7 /* WindowController.h */,
				4AFEB67F2060F6B000A0A1E7 /* WindowController.m */,
			);
			path = r_view;
			sourceTree = "<group>";
		};
/* End PBXGroup section */

/* Begin PBXNativeTarget section */
		4AE250632060CE730023B1C8 /* r_view */ = {
			isa = PBXNativeTarget;
			buildConfigurationList = 4AE2507B2060CE730023B1C8 /* Build configuration list for PBXNativeTarget "r_view" */;
			buildPhases = (
				4AE250602060CE730023B1C8 /* Sources */,
				4AE250612060CE730023B1C8 /* Frameworks */,
				4AE250622060CE730023B1C8 /* Resources */,
			);
			buildRules = (
			);
			dependencies = (
			);
			name = r_view;
			productName = r_view;
			productReference = 4AE250642060CE730023B1C8 /* r_view.app */;
			productType = "com.apple.product-type.application";
		};
/* End PBXNativeTarget section */

/* Begin PBXProject section */
		4AE2505C2060CE730023B1C8 /* Project object */ = {
			isa = PBXProject;
			attributes = {
				LastUpgradeCheck = 0920;
				ORGANIZATIONNAME = "Team Ten";
				TargetAttributes = {
					4AE250632060CE730023B1C8 = {
						CreatedOnToolsVersion = 9.2;
						ProvisioningStyle = Automatic;
						SystemCapabilities = {
							com.apple.Sandbox = {
								enabled = 0;
							};
						};
					};
				};
			};
			buildConfigurationList = 4AE2505F2060CE730023B1C8 /* Build configuration list for PBXProject "r_view" */;
			compatibilityVersion = "Xcode 8.0";
			developmentRegion = en;
			hasScannedForEncodings = 0;
			knownRegions = (
				en,
				Base,
			);
			mainGroup = 4AE2505B2060CE730023B1C8;
			productRefGroup = 4AE250652060CE730023B1C8 /* Products */;
			projectDirPath = "";
			projectRoot = "";
			targets = (
				4AE250632060CE730023B1C8 /* r_view */,
			);
		};
/* End PBXProject section */

/* Begin PBXResourcesBuildPhase section */
		4AE250622060CE730023B1C8 /* Resources */ = {
			isa = PBXResourcesBuildPhase;
			buildActionMask = 2147483647;
			files = (
				4AE250712060CE730023B1C8 /* Assets.xcassets in Resources */,
				4AE250742060CE730023B1C8 /* Main.storyboard in Resources */,
			);
			runOnlyForDeploymentPostprocessing = 0;
		};
/* End PBXResourcesBuildPhase section */

/* Begin PBXSourcesBuildPhase section */
		4AE250602060CE730023B1C8 /* Sources */ = {
			isa = PBXSourcesBuildPhase;
			buildActionMask = 2147483647;
			files = (
				4AFEB67B2060D03900A0A1E7 /* PickedColor.m in Sources */,
				4AFEB6802060F6B000A0A1E7 /* WindowController.m in Sources */,
				4AFEB67A2060D03900A0A1E7 /* ImageView.m in Sources */,
				4AE2506C2060CE730023B1C8 /* ViewController.m in Sources */,
				4AE250772060CE730023B1C8 /* main.m in Sources */,
				4AFEB67D2060D03900A0A1E7 /* Image.m in Sources */,
				4AE250692060CE730023B1C8 /* AppDelegate.m in Sources */,
				4AFEB67C2060D03900A0A1E7 /* CenteredClipView.m in Sources */,
			);
			runOnlyForDeploymentPostprocessing = 0;
		};
/* End PBXSourcesBuildPhase section */

/* Begin PBXVariantGroup section */
		4AE250722060CE730023B1C8 /* Main.storyboard */ = {
			isa = PBXVariantGroup;
			children = (
				4AE250732060CE730023B1C8 /* Base */,
			);
			name = Main.storyboard;
			sourceTree = "<group>";
		};
/* End PBXVariantGroup section */

/* Begin XCBuildConfiguration section */
		4AE250792060CE730023B1C8 /* Debug */ = {
			isa = XCBuildConfiguration;
			buildSettings = {
				ALWAYS_SEARCH_USER_PATHS = NO;
				CLANG_ANALYZER_NONNULL = YES;
				CLANG_ANALYZER_NUMBER_OBJECT_CONVERSION = YES_AGGRESSIVE;
				CLANG_CXX_LANGUAGE_STANDARD = "gnu++14";
				CLANG_CXX_LIBRARY = "libc++";
				CLANG_ENABLE_MODULES = YES;
				CLANG_ENABLE_OBJC_ARC = YES;
				CLANG_WARN_BLOCK_CAPTURE_AUTORELEASING = YES;
				CLANG_WARN_BOOL_CONVERSION = YES;
				CLANG_WARN_COMMA = YES;
				CLANG_WARN_CONSTANT_CONVERSION = YES;
				CLANG_WARN_DIRECT_OBJC_ISA_USAGE = YES_ERROR;
				CLANG_WARN_DOCUMENTATION_COMMENTS = YES;
				CLANG_WARN_EMPTY_BODY = YES;
				CLANG_WARN_ENUM_CONVERSION = YES;
				CLANG_WARN_INFINITE_RECURSION = YES;
				CLANG_WARN_INT_CONVERSION = YES;
				CLANG_WARN_NON_LITERAL_NULL_CONVERSION = YES;
				CLANG_WARN_OBJC_LITERAL_CONVERSION = YES;
				CLANG_WARN_OBJC_ROOT_CLASS = YES_ERROR;
				CLANG_WARN_RANGE_LOOP_ANALYSIS = YES;
				CLANG_WARN_STRICT_PROTOTYPES = YES;
				CLANG_WARN_SUSPICIOUS_MOVE = YES;
				CLANG_WARN_UNGUARDED_AVAILABILITY = YES_AGGRESSIVE;
				CLANG_WARN_UNREACHABLE_CODE = YES;
				CLANG_WARN__DUPLICATE_METHOD_MATCH = YES;
				CODE_SIGN_IDENTITY = "Mac Developer";
				COPY_PHASE_STRIP = NO;
				DEBUG_INFORMATION_FORMAT = dwarf;
				ENABLE_STRICT_OBJC_MSGSEND = YES;
				ENABLE_TESTABILITY = YES;
				GCC_C_LANGUAGE_STANDARD = gnu11;
				GCC_DYNAMIC_NO_PIC = NO;
				GCC_NO_COMMON_BLOCKS = YES;
				GCC_OPTIMIZATION_LEVEL = 0;
				GCC_PREPROCESSOR_DEFINITIONS = (
					"DEBUG=1",
					"$(inherited)",
				);
				GCC_WARN_64_TO_32_BIT_CONVERSION = YES;
				GCC_WARN_ABOUT_RETURN_TYPE = YES_ERROR;
				GCC_WARN_UNDECLARED_SELECTOR = YES;
				GCC_WARN_UNINITIALIZED_AUTOS = YES_AGGRESSIVE;
				GCC_WARN_UNUSED_FUNCTION = YES;
				GCC_WARN_UNUSED_VARIABLE = YES;
				MACOSX_DEPLOYMENT_TARGET = 10.12;
				MTL_ENABLE_DEBUG_INFO = YES;
				ONLY_ACTIVE_ARCH = YES;
				SDKROOT = macosx;
			};
			name = Debug;
		};
		4AE2507A2060CE730023B1C8 /* Release */ = {
			isa = XCBuildConfiguration;
			buildSettings = {
				ALWAYS_SEARCH_USER_PATHS = NO;
				CLANG_ANALYZER_NONNULL = YES;
				CLANG_ANALYZER_NUMBER_OBJECT_CONVERSION = YES_AGGRESSIVE;
				CLANG_CXX_LANGUAGE_STANDARD = "gnu++14";
				CLANG_CXX_LIBRARY = "libc++";
				CLANG_ENABLE_MODULES = YES;
				CLANG_ENABLE_OBJC_ARC = YES;
				CLANG_WARN_BLOCK_CAPTURE_AUTORELEASING = YES;
				CLANG_WARN_BOOL_CONVERSION = YES;
				CLANG_WARN_COMMA = YES;
				CLANG_WARN_CONSTANT_CONVERSION = YES;
				CLANG_WARN_DIRECT_OBJC_ISA_USAGE = YES_ERROR;
				CLANG_WARN_DOCUMENTATION_COMMENTS = YES;
				CLANG_WARN_EMPTY_BODY = YES;
				CLANG_WARN_ENUM_CONVERSION = YES;
				CLANG_WARN_INFINITE_RECURSION = YES;
				CLANG_WARN_INT_CONVERSION = YES;
				CLANG_WARN_NON_LITERAL_NULL_CONVERSION = YES;
				CLANG_WARN_OBJC_LITERAL_CONVERSION = YES;
				CLANG_WARN_OBJC_ROOT_CLASS = YES_ERROR;
				CLANG_WARN_RANGE_LOOP_ANALYSIS = YES;
				CLANG_WARN_STRICT_PROTOTYPES = YES;
				CLANG_WARN_SUSPICIOUS_MOVE = YES;
				CLANG_WARN_UNGUARDED_AVAILABILITY = YES_AGGRESSIVE;
				CLANG_WARN_UNREACHABLE_CODE = YES;
				CLANG_WARN__DUPLICATE_METHOD_MATCH = YES;
				CODE_SIGN_IDENTITY = "Mac Developer";
				COPY_PHASE_STRIP = NO;
				DEBUG_INFORMATION_FORMAT = "dwarf-with-dsym";
				ENABLE_NS_ASSERTIONS = NO;
				ENABLE_STRICT_OBJC_MSGSEND = YES;
				GCC_C_LANGUAGE_STANDARD = gnu11;
				GCC_NO_COMMON_BLOCKS = YES;
				GCC_WARN_64_TO_32_BIT_CONVERSION = YES;
				GCC_WARN_ABOUT_RETURN_TYPE = YES_ERROR;
				GCC_WARN_UNDECLARED_SELECTOR = YES;
				GCC_WARN_UNINITIALIZED_AUTOS = YES_AGGRESSIVE;
				GCC_WARN_UNUSED_FUNCTION = YES;
				GCC_WARN_UNUSED_VARIABLE = YES;
				MACOSX_DEPLOYMENT_TARGET = 10.12;
				MTL_ENABLE_DEBUG_INFO = NO;
				SDKROOT = macosx;
			};
			name = Release;
		};
		4AE2507C2060CE730023B1C8 /* Debug */ = {
			isa = XCBuildConfiguration;
			buildSettings = {
				ASSETCATALOG_COMPILER_APPICON_NAME = AppIcon;
				CODE_SIGN_STYLE = Automatic;
				COMBINE_HIDPI_IMAGES = YES;
				DEVELOPMENT_TEAM = 5ER7NHYS83;
				INFOPLIST_FILE = r_view/Info.plist;
				LD_RUNPATH_SEARCH_PATHS = "$(inherited) @executable_path/../Frameworks";
				PRODUCT_BUNDLE_IDENTIFIER = "com.teamten.r-view";
				PRODUCT_NAME = "$(TARGET_NAME)";
			};
			name = Debug;
		};
		4AE2507D2060CE730023B1C8 /* Release */ = {
			isa = XCBuildConfiguration;
			buildSettings = {
				ASSETCATALOG_COMPILER_APPICON_NAME = AppIcon;
				CODE_SIGN_STYLE = Automatic;
				COMBINE_HIDPI_IMAGES = YES;
				DEVELOPMENT_TEAM = 5ER7NHYS83;
				INFOPLIST_FILE = r_view/Info.plist;
				LD_RUNPATH_SEARCH_PATHS = "$(inherited) @executable_path/../Frameworks";
				PRODUCT_BUNDLE_IDENTIFIER = "com.teamten.r-view";
				PRODUCT_NAME = "$(TARGET_NAME)";
			};
			name = Release;
		};
/* End XCBuildConfiguration section */

/* Begin XCConfigurationList section */
		4AE2505F2060CE730023B1C8 /* Build configuration list for PBXProject "r_view" */ = {
			isa = XCConfigurationList;
			buildConfigurations = (
				4AE250792060CE730023B1C8 /* Debug */,
				4AE2507A2060CE730023B1C8 /* Release */,
			);
			defaultConfigurationIsVisible = 0;
			defaultConfigurationName = Release;
		};
		4AE2507B2060CE730023B1C8 /* Build configuration list for PBXNativeTarget "r_view" */ = {
			isa = XCConfigurationList;
			buildConfigurations = (
				4AE2507C2060CE730023B1C8 /* Debug */,
				4AE2507D2060CE730023B1C8 /* Release */,
			);
			defaultConfigurationIsVisible = 0;
			defaultConfigurationName = Release;
		};
/* End XCConfigurationList section */
	};
	rootObject = 4AE2505C2060CE730023B1C8 /* Project object */;
}
