// !$*UTF8*$!
{
	archiveVersion = 1;
	classes = {
	};
	objectVersion = 48;
	objects = {

/* Begin PBXBuildFile section */
		4AAFF868204B911300C13D3D /* AppDelegate.m in Sources */ = {isa = PBXBuildFile; fileRef = 4AAFF867204B911300C13D3D /* AppDelegate.m */; };
		4AAFF86B204B911300C13D3D /* ViewController.m in Sources */ = {isa = PBXBuildFile; fileRef = 4AAFF86A204B911300C13D3D /* ViewController.m */; };
		4AAFF86D204B911300C13D3D /* Assets.xcassets in Resources */ = {isa = PBXBuildFile; fileRef = 4AAFF86C204B911300C13D3D /* Assets.xcassets */; };
		4AAFF870204B911300C13D3D /* Main.storyboard in Resources */ = {isa = PBXBuildFile; fileRef = 4AAFF86E204B911300C13D3D /* Main.storyboard */; };
		4AAFF873204B911300C13D3D /* main.m in Sources */ = {isa = PBXBuildFile; fileRef = 4AAFF872204B911300C13D3D /* main.m */; };
		4AAFF87C204BAE7600C13D3D /* ImageView.m in Sources */ = {isa = PBXBuildFile; fileRef = 4AAFF87B204BAE7600C13D3D /* ImageView.m */; };
		4AAFF87F204CCA9000C13D3D /* Image.m in Sources */ = {isa = PBXBuildFile; fileRef = 4AAFF87E204CCA9000C13D3D /* Image.m */; };
		4ADBC51D204E2D5E00C45303 /* PickedColor.m in Sources */ = {isa = PBXBuildFile; fileRef = 4ADBC51C204E2D5E00C45303 /* PickedColor.m */; };
/* End PBXBuildFile section */

/* Begin PBXFileReference section */
		4AAFF863204B911300C13D3D /* r_view.app */ = {isa = PBXFileReference; explicitFileType = wrapper.application; includeInIndex = 0; path = r_view.app; sourceTree = BUILT_PRODUCTS_DIR; };
		4AAFF866204B911300C13D3D /* AppDelegate.h */ = {isa = PBXFileReference; lastKnownFileType = sourcecode.c.h; path = AppDelegate.h; sourceTree = "<group>"; };
		4AAFF867204B911300C13D3D /* AppDelegate.m */ = {isa = PBXFileReference; lastKnownFileType = sourcecode.c.objc; path = AppDelegate.m; sourceTree = "<group>"; };
		4AAFF869204B911300C13D3D /* ViewController.h */ = {isa = PBXFileReference; lastKnownFileType = sourcecode.c.h; path = ViewController.h; sourceTree = "<group>"; };
		4AAFF86A204B911300C13D3D /* ViewController.m */ = {isa = PBXFileReference; lastKnownFileType = sourcecode.c.objc; path = ViewController.m; sourceTree = "<group>"; };
		4AAFF86C204B911300C13D3D /* Assets.xcassets */ = {isa = PBXFileReference; lastKnownFileType = folder.assetcatalog; path = Assets.xcassets; sourceTree = "<group>"; };
		4AAFF86F204B911300C13D3D /* Base */ = {isa = PBXFileReference; lastKnownFileType = file.storyboard; name = Base; path = Base.lproj/Main.storyboard; sourceTree = "<group>"; };
		4AAFF871204B911300C13D3D /* Info.plist */ = {isa = PBXFileReference; lastKnownFileType = text.plist.xml; path = Info.plist; sourceTree = "<group>"; };
		4AAFF872204B911300C13D3D /* main.m */ = {isa = PBXFileReference; lastKnownFileType = sourcecode.c.objc; path = main.m; sourceTree = "<group>"; };
		4AAFF874204B911300C13D3D /* r_view.entitlements */ = {isa = PBXFileReference; lastKnownFileType = text.plist.entitlements; path = r_view.entitlements; sourceTree = "<group>"; };
		4AAFF87A204BAE7600C13D3D /* ImageView.h */ = {isa = PBXFileReference; lastKnownFileType = sourcecode.c.h; path = ImageView.h; sourceTree = "<group>"; };
		4AAFF87B204BAE7600C13D3D /* ImageView.m */ = {isa = PBXFileReference; lastKnownFileType = sourcecode.c.objc; path = ImageView.m; sourceTree = "<group>"; };
		4AAFF87D204CCA9000C13D3D /* Image.h */ = {isa = PBXFileReference; lastKnownFileType = sourcecode.c.h; path = Image.h; sourceTree = "<group>"; };
		4AAFF87E204CCA9000C13D3D /* Image.m */ = {isa = PBXFileReference; lastKnownFileType = sourcecode.c.objc; path = Image.m; sourceTree = "<group>"; };
		4ADBC51B204E2D5E00C45303 /* PickedColor.h */ = {isa = PBXFileReference; lastKnownFileType = sourcecode.c.h; path = PickedColor.h; sourceTree = "<group>"; };
		4ADBC51C204E2D5E00C45303 /* PickedColor.m */ = {isa = PBXFileReference; lastKnownFileType = sourcecode.c.objc; path = PickedColor.m; sourceTree = "<group>"; };
/* End PBXFileReference section */

/* Begin PBXFrameworksBuildPhase section */
		4AAFF860204B911300C13D3D /* Frameworks */ = {
			isa = PBXFrameworksBuildPhase;
			buildActionMask = 2147483647;
			files = (
			);
			runOnlyForDeploymentPostprocessing = 0;
		};
/* End PBXFrameworksBuildPhase section */

/* Begin PBXGroup section */
		4AAFF85A204B911300C13D3D = {
			isa = PBXGroup;
			children = (
				4AAFF865204B911300C13D3D /* r_view */,
				4AAFF864204B911300C13D3D /* Products */,
			);
			sourceTree = "<group>";
		};
		4AAFF864204B911300C13D3D /* Products */ = {
			isa = PBXGroup;
			children = (
				4AAFF863204B911300C13D3D /* r_view.app */,
			);
			name = Products;
			sourceTree = "<group>";
		};
		4AAFF865204B911300C13D3D /* r_view */ = {
			isa = PBXGroup;
			children = (
				4AAFF866204B911300C13D3D /* AppDelegate.h */,
				4AAFF867204B911300C13D3D /* AppDelegate.m */,
				4AAFF869204B911300C13D3D /* ViewController.h */,
				4AAFF86A204B911300C13D3D /* ViewController.m */,
				4AAFF86C204B911300C13D3D /* Assets.xcassets */,
				4AAFF86E204B911300C13D3D /* Main.storyboard */,
				4AAFF871204B911300C13D3D /* Info.plist */,
				4AAFF872204B911300C13D3D /* main.m */,
				4AAFF874204B911300C13D3D /* r_view.entitlements */,
				4AAFF87A204BAE7600C13D3D /* ImageView.h */,
				4AAFF87B204BAE7600C13D3D /* ImageView.m */,
				4AAFF87D204CCA9000C13D3D /* Image.h */,
				4AAFF87E204CCA9000C13D3D /* Image.m */,
				4ADBC51B204E2D5E00C45303 /* PickedColor.h */,
				4ADBC51C204E2D5E00C45303 /* PickedColor.m */,
			);
			path = r_view;
			sourceTree = "<group>";
		};
/* End PBXGroup section */

/* Begin PBXNativeTarget section */
		4AAFF862204B911300C13D3D /* r_view */ = {
			isa = PBXNativeTarget;
			buildConfigurationList = 4AAFF877204B911300C13D3D /* Build configuration list for PBXNativeTarget "r_view" */;
			buildPhases = (
				4AAFF85F204B911300C13D3D /* Sources */,
				4AAFF860204B911300C13D3D /* Frameworks */,
				4AAFF861204B911300C13D3D /* Resources */,
			);
			buildRules = (
			);
			dependencies = (
			);
			name = r_view;
			productName = r_view;
			productReference = 4AAFF863204B911300C13D3D /* r_view.app */;
			productType = "com.apple.product-type.application";
		};
/* End PBXNativeTarget section */

/* Begin PBXProject section */
		4AAFF85B204B911300C13D3D /* Project object */ = {
			isa = PBXProject;
			attributes = {
				LastUpgradeCheck = 0920;
				ORGANIZATIONNAME = "Team Ten";
				TargetAttributes = {
					4AAFF862204B911300C13D3D = {
						CreatedOnToolsVersion = 9.2;
						ProvisioningStyle = Automatic;
						SystemCapabilities = {
							com.apple.Sandbox = {
								enabled = 0;
							};
						};
					};
				};
			};
			buildConfigurationList = 4AAFF85E204B911300C13D3D /* Build configuration list for PBXProject "r_view" */;
			compatibilityVersion = "Xcode 8.0";
			developmentRegion = en;
			hasScannedForEncodings = 0;
			knownRegions = (
				en,
				Base,
			);
			mainGroup = 4AAFF85A204B911300C13D3D;
			productRefGroup = 4AAFF864204B911300C13D3D /* Products */;
			projectDirPath = "";
			projectRoot = "";
			targets = (
				4AAFF862204B911300C13D3D /* r_view */,
			);
		};
/* End PBXProject section */

/* Begin PBXResourcesBuildPhase section */
		4AAFF861204B911300C13D3D /* Resources */ = {
			isa = PBXResourcesBuildPhase;
			buildActionMask = 2147483647;
			files = (
				4AAFF86D204B911300C13D3D /* Assets.xcassets in Resources */,
				4AAFF870204B911300C13D3D /* Main.storyboard in Resources */,
			);
			runOnlyForDeploymentPostprocessing = 0;
		};
/* End PBXResourcesBuildPhase section */

/* Begin PBXSourcesBuildPhase section */
		4AAFF85F204B911300C13D3D /* Sources */ = {
			isa = PBXSourcesBuildPhase;
			buildActionMask = 2147483647;
			files = (
				4AAFF87C204BAE7600C13D3D /* ImageView.m in Sources */,
				4ADBC51D204E2D5E00C45303 /* PickedColor.m in Sources */,
				4AAFF86B204B911300C13D3D /* ViewController.m in Sources */,
				4AAFF873204B911300C13D3D /* main.m in Sources */,
				4AAFF868204B911300C13D3D /* AppDelegate.m in Sources */,
				4AAFF87F204CCA9000C13D3D /* Image.m in Sources */,
			);
			runOnlyForDeploymentPostprocessing = 0;
		};
/* End PBXSourcesBuildPhase section */

/* Begin PBXVariantGroup section */
		4AAFF86E204B911300C13D3D /* Main.storyboard */ = {
			isa = PBXVariantGroup;
			children = (
				4AAFF86F204B911300C13D3D /* Base */,
			);
			name = Main.storyboard;
			sourceTree = "<group>";
		};
/* End PBXVariantGroup section */

/* Begin XCBuildConfiguration section */
		4AAFF875204B911300C13D3D /* Debug */ = {
			isa = XCBuildConfiguration;
			buildSettings = {
				ALWAYS_SEARCH_USER_PATHS = NO;
				CLANG_ANALYZER_NONNULL = YES;
				CLANG_ANALYZER_NUMBER_OBJECT_CONVERSION = YES_AGGRESSIVE;
				CLANG_CXX_LANGUAGE_STANDARD = "gnu++14";
				CLANG_CXX_LIBRARY = "libc++";
				CLANG_ENABLE_MODULES = YES;
				CLANG_ENABLE_OBJC_ARC = YES;
				CLANG_WARN_BLOCK_CAPTURE_AUTORELEASING = YES;
				CLANG_WARN_BOOL_CONVERSION = YES;
				CLANG_WARN_COMMA = YES;
				CLANG_WARN_CONSTANT_CONVERSION = YES;
				CLANG_WARN_DIRECT_OBJC_ISA_USAGE = YES_ERROR;
				CLANG_WARN_DOCUMENTATION_COMMENTS = YES;
				CLANG_WARN_EMPTY_BODY = YES;
				CLANG_WARN_ENUM_CONVERSION = YES;
				CLANG_WARN_INFINITE_RECURSION = YES;
				CLANG_WARN_INT_CONVERSION = YES;
				CLANG_WARN_NON_LITERAL_NULL_CONVERSION = YES;
				CLANG_WARN_OBJC_LITERAL_CONVERSION = YES;
				CLANG_WARN_OBJC_ROOT_CLASS = YES_ERROR;
				CLANG_WARN_RANGE_LOOP_ANALYSIS = YES;
				CLANG_WARN_STRICT_PROTOTYPES = YES;
				CLANG_WARN_SUSPICIOUS_MOVE = YES;
				CLANG_WARN_UNGUARDED_AVAILABILITY = YES_AGGRESSIVE;
				CLANG_WARN_UNREACHABLE_CODE = YES;
				CLANG_WARN__DUPLICATE_METHOD_MATCH = YES;
				CODE_SIGN_IDENTITY = "Mac Developer";
				COPY_PHASE_STRIP = NO;
				DEBUG_INFORMATION_FORMAT = dwarf;
				ENABLE_STRICT_OBJC_MSGSEND = YES;
				ENABLE_TESTABILITY = YES;
				GCC_C_LANGUAGE_STANDARD = gnu11;
				GCC_DYNAMIC_NO_PIC = NO;
				GCC_NO_COMMON_BLOCKS = YES;
				GCC_OPTIMIZATION_LEVEL = 0;
				GCC_PREPROCESSOR_DEFINITIONS = (
					"DEBUG=1",
					"$(inherited)",
				);
				GCC_WARN_64_TO_32_BIT_CONVERSION = YES;
				GCC_WARN_ABOUT_RETURN_TYPE = YES_ERROR;
				GCC_WARN_UNDECLARED_SELECTOR = YES;
				GCC_WARN_UNINITIALIZED_AUTOS = YES_AGGRESSIVE;
				GCC_WARN_UNUSED_FUNCTION = YES;
				GCC_WARN_UNUSED_VARIABLE = YES;
				MACOSX_DEPLOYMENT_TARGET = 10.12;
				MTL_ENABLE_DEBUG_INFO = YES;
				ONLY_ACTIVE_ARCH = YES;
				SDKROOT = macosx;
			};
			name = Debug;
		};
		4AAFF876204B911300C13D3D /* Release */ = {
			isa = XCBuildConfiguration;
			buildSettings = {
				ALWAYS_SEARCH_USER_PATHS = NO;
				CLANG_ANALYZER_NONNULL = YES;
				CLANG_ANALYZER_NUMBER_OBJECT_CONVERSION = YES_AGGRESSIVE;
				CLANG_CXX_LANGUAGE_STANDARD = "gnu++14";
				CLANG_CXX_LIBRARY = "libc++";
				CLANG_ENABLE_MODULES = YES;
				CLANG_ENABLE_OBJC_ARC = YES;
				CLANG_WARN_BLOCK_CAPTURE_AUTORELEASING = YES;
				CLANG_WARN_BOOL_CONVERSION = YES;
				CLANG_WARN_COMMA = YES;
				CLANG_WARN_CONSTANT_CONVERSION = YES;
				CLANG_WARN_DIRECT_OBJC_ISA_USAGE = YES_ERROR;
				CLANG_WARN_DOCUMENTATION_COMMENTS = YES;
				CLANG_WARN_EMPTY_BODY = YES;
				CLANG_WARN_ENUM_CONVERSION = YES;
				CLANG_WARN_INFINITE_RECURSION = YES;
				CLANG_WARN_INT_CONVERSION = YES;
				CLANG_WARN_NON_LITERAL_NULL_CONVERSION = YES;
				CLANG_WARN_OBJC_LITERAL_CONVERSION = YES;
				CLANG_WARN_OBJC_ROOT_CLASS = YES_ERROR;
				CLANG_WARN_RANGE_LOOP_ANALYSIS = YES;
				CLANG_WARN_STRICT_PROTOTYPES = YES;
				CLANG_WARN_SUSPICIOUS_MOVE = YES;
				CLANG_WARN_UNGUARDED_AVAILABILITY = YES_AGGRESSIVE;
				CLANG_WARN_UNREACHABLE_CODE = YES;
				CLANG_WARN__DUPLICATE_METHOD_MATCH = YES;
				CODE_SIGN_IDENTITY = "Mac Developer";
				COPY_PHASE_STRIP = NO;
				DEBUG_INFORMATION_FORMAT = "dwarf-with-dsym";
				ENABLE_NS_ASSERTIONS = NO;
				ENABLE_STRICT_OBJC_MSGSEND = YES;
				GCC_C_LANGUAGE_STANDARD = gnu11;
				GCC_NO_COMMON_BLOCKS = YES;
				GCC_WARN_64_TO_32_BIT_CONVERSION = YES;
				GCC_WARN_ABOUT_RETURN_TYPE = YES_ERROR;
				GCC_WARN_UNDECLARED_SELECTOR = YES;
				GCC_WARN_UNINITIALIZED_AUTOS = YES_AGGRESSIVE;
				GCC_WARN_UNUSED_FUNCTION = YES;
				GCC_WARN_UNUSED_VARIABLE = YES;
				MACOSX_DEPLOYMENT_TARGET = 10.12;
				MTL_ENABLE_DEBUG_INFO = NO;
				SDKROOT = macosx;
			};
			name = Release;
		};
		4AAFF878204B911300C13D3D /* Debug */ = {
			isa = XCBuildConfiguration;
			buildSettings = {
				ASSETCATALOG_COMPILER_APPICON_NAME = AppIcon;
				CODE_SIGN_STYLE = Automatic;
				COMBINE_HIDPI_IMAGES = YES;
				DEVELOPMENT_TEAM = 5ER7NHYS83;
				INFOPLIST_FILE = r_view/Info.plist;
				LD_RUNPATH_SEARCH_PATHS = "$(inherited) @executable_path/../Frameworks";
				PRODUCT_BUNDLE_IDENTIFIER = "com.teamten.r-view";
				PRODUCT_NAME = "$(TARGET_NAME)";
			};
			name = Debug;
		};
		4AAFF879204B911300C13D3D /* Release */ = {
			isa = XCBuildConfiguration;
			buildSettings = {
				ASSETCATALOG_COMPILER_APPICON_NAME = AppIcon;
				CODE_SIGN_STYLE = Automatic;
				COMBINE_HIDPI_IMAGES = YES;
				DEVELOPMENT_TEAM = 5ER7NHYS83;
				INFOPLIST_FILE = r_view/Info.plist;
				LD_RUNPATH_SEARCH_PATHS = "$(inherited) @executable_path/../Frameworks";
				PRODUCT_BUNDLE_IDENTIFIER = "com.teamten.r-view";
				PRODUCT_NAME = "$(TARGET_NAME)";
			};
			name = Release;
		};
/* End XCBuildConfiguration section */

/* Begin XCConfigurationList section */
		4AAFF85E204B911300C13D3D /* Build configuration list for PBXProject "r_view" */ = {
			isa = XCConfigurationList;
			buildConfigurations = (
				4AAFF875204B911300C13D3D /* Debug */,
				4AAFF876204B911300C13D3D /* Release */,
			);
			defaultConfigurationIsVisible = 0;
			defaultConfigurationName = Release;
		};
		4AAFF877204B911300C13D3D /* Build configuration list for PBXNativeTarget "r_view" */ = {
			isa = XCConfigurationList;
			buildConfigurations = (
				4AAFF878204B911300C13D3D /* Debug */,
				4AAFF879204B911300C13D3D /* Release */,
			);
			defaultConfigurationIsVisible = 0;
			defaultConfigurationName = Release;
		};
/* End XCConfigurationList section */
	};
	rootObject = 4AAFF85B204B911300C13D3D /* Project object */;
}
